// !$*UTF8*$!
{
	archiveVersion = 1;
	classes = {
	};
	objectVersion = 56;
	objects = {

/* Begin PBXBuildFile section */
		CD3436932BF4DC8400999C0E /* DateFilterView.swift in Sources */ = {isa = PBXBuildFile; fileRef = CD3436922BF4DC8400999C0E /* DateFilterView.swift */; };
		CD4242DF2BEFF70E00C2C65D /* Expense_TrackerApp.swift in Sources */ = {isa = PBXBuildFile; fileRef = CD4242DE2BEFF70E00C2C65D /* Expense_TrackerApp.swift */; };
		CD4242E12BEFF70E00C2C65D /* ContentView.swift in Sources */ = {isa = PBXBuildFile; fileRef = CD4242E02BEFF70E00C2C65D /* ContentView.swift */; };
		CD4242E32BEFF70E00C2C65D /* Item.swift in Sources */ = {isa = PBXBuildFile; fileRef = CD4242E22BEFF70E00C2C65D /* Item.swift */; };
		CD4242E52BEFF71000C2C65D /* Assets.xcassets in Resources */ = {isa = PBXBuildFile; fileRef = CD4242E42BEFF71000C2C65D /* Assets.xcassets */; };
		CD4242E82BEFF71000C2C65D /* Preview Assets.xcassets in Resources */ = {isa = PBXBuildFile; fileRef = CD4242E72BEFF71000C2C65D /* Preview Assets.xcassets */; };
		CD4242F12BEFFDDF00C2C65D /* IntroScreen.swift in Sources */ = {isa = PBXBuildFile; fileRef = CD4242F02BEFFDDF00C2C65D /* IntroScreen.swift */; };
		CD4242F42BF0000100C2C65D /* Constants.swift in Sources */ = {isa = PBXBuildFile; fileRef = CD4242F32BF0000100C2C65D /* Constants.swift */; };
		CD4242F62BF231EA00C2C65D /* Tab.swift in Sources */ = {isa = PBXBuildFile; fileRef = CD4242F52BF231EA00C2C65D /* Tab.swift */; };
		CD4242FA2BF24F6400C2C65D /* Category.swift in Sources */ = {isa = PBXBuildFile; fileRef = CD4242F92BF24F6400C2C65D /* Category.swift */; };
		CD4242FC2BF24FBF00C2C65D /* Transaction.swift in Sources */ = {isa = PBXBuildFile; fileRef = CD4242FB2BF24FBF00C2C65D /* Transaction.swift */; };
		CD4242FE2BF250BC00C2C65D /* TintColor.swift in Sources */ = {isa = PBXBuildFile; fileRef = CD4242FD2BF250BC00C2C65D /* TintColor.swift */; };
		CD4243012BF254BD00C2C65D /* Recents.swift in Sources */ = {isa = PBXBuildFile; fileRef = CD4243002BF254BD00C2C65D /* Recents.swift */; };
		CD4243032BF254CF00C2C65D /* Search.swift in Sources */ = {isa = PBXBuildFile; fileRef = CD4243022BF254CF00C2C65D /* Search.swift */; };
		CD4243072BF254EB00C2C65D /* Graphs.swift in Sources */ = {isa = PBXBuildFile; fileRef = CD4243062BF254EB00C2C65D /* Graphs.swift */; };
		CD4243092BF254F800C2C65D /* Settings.swift in Sources */ = {isa = PBXBuildFile; fileRef = CD4243082BF254F800C2C65D /* Settings.swift */; };
		CD42430B2BF25C3800C2C65D /* View+Extensions.swift in Sources */ = {isa = PBXBuildFile; fileRef = CD42430A2BF25C3800C2C65D /* View+Extensions.swift */; };
		CD42430D2BF28E5A00C2C65D /* Date+Extensions.swift in Sources */ = {isa = PBXBuildFile; fileRef = CD42430C2BF28E5A00C2C65D /* Date+Extensions.swift */; };
		CD4243102BF2A9AE00C2C65D /* CardView.swift in Sources */ = {isa = PBXBuildFile; fileRef = CD42430F2BF2A9AE00C2C65D /* CardView.swift */; };
		CD4243122BF3875300C2C65D /* TransactionCardView.swift in Sources */ = {isa = PBXBuildFile; fileRef = CD4243112BF3875300C2C65D /* TransactionCardView.swift */; };
/* End PBXBuildFile section */

/* Begin PBXFileReference section */
		CD3436922BF4DC8400999C0E /* DateFilterView.swift */ = {isa = PBXFileReference; lastKnownFileType = sourcecode.swift; path = DateFilterView.swift; sourceTree = "<group>"; };
		CD4242DB2BEFF70E00C2C65D /* Expense Tracker.app */ = {isa = PBXFileReference; explicitFileType = wrapper.application; includeInIndex = 0; path = "Expense Tracker.app"; sourceTree = BUILT_PRODUCTS_DIR; };
		CD4242DE2BEFF70E00C2C65D /* Expense_TrackerApp.swift */ = {isa = PBXFileReference; lastKnownFileType = sourcecode.swift; path = Expense_TrackerApp.swift; sourceTree = "<group>"; };
		CD4242E02BEFF70E00C2C65D /* ContentView.swift */ = {isa = PBXFileReference; lastKnownFileType = sourcecode.swift; path = ContentView.swift; sourceTree = "<group>"; };
		CD4242E22BEFF70E00C2C65D /* Item.swift */ = {isa = PBXFileReference; lastKnownFileType = sourcecode.swift; path = Item.swift; sourceTree = "<group>"; };
		CD4242E42BEFF71000C2C65D /* Assets.xcassets */ = {isa = PBXFileReference; lastKnownFileType = folder.assetcatalog; path = Assets.xcassets; sourceTree = "<group>"; };
		CD4242E72BEFF71000C2C65D /* Preview Assets.xcassets */ = {isa = PBXFileReference; lastKnownFileType = folder.assetcatalog; path = "Preview Assets.xcassets"; sourceTree = "<group>"; };
		CD4242F02BEFFDDF00C2C65D /* IntroScreen.swift */ = {isa = PBXFileReference; lastKnownFileType = sourcecode.swift; path = IntroScreen.swift; sourceTree = "<group>"; };
		CD4242F32BF0000100C2C65D /* Constants.swift */ = {isa = PBXFileReference; lastKnownFileType = sourcecode.swift; path = Constants.swift; sourceTree = "<group>"; };
		CD4242F52BF231EA00C2C65D /* Tab.swift */ = {isa = PBXFileReference; lastKnownFileType = sourcecode.swift; path = Tab.swift; sourceTree = "<group>"; };
		CD4242F92BF24F6400C2C65D /* Category.swift */ = {isa = PBXFileReference; lastKnownFileType = sourcecode.swift; path = Category.swift; sourceTree = "<group>"; };
		CD4242FB2BF24FBF00C2C65D /* Transaction.swift */ = {isa = PBXFileReference; lastKnownFileType = sourcecode.swift; path = Transaction.swift; sourceTree = "<group>"; };
		CD4242FD2BF250BC00C2C65D /* TintColor.swift */ = {isa = PBXFileReference; lastKnownFileType = sourcecode.swift; path = TintColor.swift; sourceTree = "<group>"; };
		CD4243002BF254BD00C2C65D /* Recents.swift */ = {isa = PBXFileReference; lastKnownFileType = sourcecode.swift; path = Recents.swift; sourceTree = "<group>"; };
		CD4243022BF254CF00C2C65D /* Search.swift */ = {isa = PBXFileReference; lastKnownFileType = sourcecode.swift; path = Search.swift; sourceTree = "<group>"; };
		CD4243062BF254EB00C2C65D /* Graphs.swift */ = {isa = PBXFileReference; lastKnownFileType = sourcecode.swift; path = Graphs.swift; sourceTree = "<group>"; };
		CD4243082BF254F800C2C65D /* Settings.swift */ = {isa = PBXFileReference; lastKnownFileType = sourcecode.swift; path = Settings.swift; sourceTree = "<group>"; };
		CD42430A2BF25C3800C2C65D /* View+Extensions.swift */ = {isa = PBXFileReference; lastKnownFileType = sourcecode.swift; path = "View+Extensions.swift"; sourceTree = "<group>"; };
		CD42430C2BF28E5A00C2C65D /* Date+Extensions.swift */ = {isa = PBXFileReference; lastKnownFileType = sourcecode.swift; path = "Date+Extensions.swift"; sourceTree = "<group>"; };
		CD42430F2BF2A9AE00C2C65D /* CardView.swift */ = {isa = PBXFileReference; lastKnownFileType = sourcecode.swift; path = CardView.swift; sourceTree = "<group>"; };
		CD4243112BF3875300C2C65D /* TransactionCardView.swift */ = {isa = PBXFileReference; lastKnownFileType = sourcecode.swift; path = TransactionCardView.swift; sourceTree = "<group>"; };
/* End PBXFileReference section */

/* Begin PBXFrameworksBuildPhase section */
		CD4242D82BEFF70E00C2C65D /* Frameworks */ = {
			isa = PBXFrameworksBuildPhase;
			buildActionMask = 2147483647;
			files = (
			);
			runOnlyForDeploymentPostprocessing = 0;
		};
/* End PBXFrameworksBuildPhase section */

/* Begin PBXGroup section */
		CD4242D22BEFF70E00C2C65D = {
			isa = PBXGroup;
			children = (
				CD4242DD2BEFF70E00C2C65D /* Expense Tracker */,
				CD4242DC2BEFF70E00C2C65D /* Products */,
			);
			sourceTree = "<group>";
		};
		CD4242DC2BEFF70E00C2C65D /* Products */ = {
			isa = PBXGroup;
			children = (
				CD4242DB2BEFF70E00C2C65D /* Expense Tracker.app */,
			);
			name = Products;
			sourceTree = "<group>";
		};
		CD4242DD2BEFF70E00C2C65D /* Expense Tracker */ = {
			isa = PBXGroup;
			children = (
				CD4242F22BEFFFDC00C2C65D /* Helpers */,
				CD4242EF2BEFFDD300C2C65D /* Model */,
				CD4242EE2BEFFDCD00C2C65D /* View */,
				CD4242DE2BEFF70E00C2C65D /* Expense_TrackerApp.swift */,
				CD4242E02BEFF70E00C2C65D /* ContentView.swift */,
				CD4242E22BEFF70E00C2C65D /* Item.swift */,
				CD4242E42BEFF71000C2C65D /* Assets.xcassets */,
				CD4242E62BEFF71000C2C65D /* Preview Content */,
			);
			path = "Expense Tracker";
			sourceTree = "<group>";
		};
		CD4242E62BEFF71000C2C65D /* Preview Content */ = {
			isa = PBXGroup;
			children = (
				CD4242E72BEFF71000C2C65D /* Preview Assets.xcassets */,
			);
			path = "Preview Content";
			sourceTree = "<group>";
		};
		CD4242EE2BEFFDCD00C2C65D /* View */ = {
			isa = PBXGroup;
			children = (
				CD42430E2BF2A99600C2C65D /* Helpers */,
				CD4242FF2BF253F800C2C65D /* TabViews */,
				CD4242F02BEFFDDF00C2C65D /* IntroScreen.swift */,
			);
			path = View;
			sourceTree = "<group>";
		};
		CD4242EF2BEFFDD300C2C65D /* Model */ = {
			isa = PBXGroup;
			children = (
				CD4242F52BF231EA00C2C65D /* Tab.swift */,
				CD4242F92BF24F6400C2C65D /* Category.swift */,
				CD4242FB2BF24FBF00C2C65D /* Transaction.swift */,
				CD4242FD2BF250BC00C2C65D /* TintColor.swift */,
			);
			path = Model;
			sourceTree = "<group>";
		};
		CD4242F22BEFFFDC00C2C65D /* Helpers */ = {
			isa = PBXGroup;
			children = (
				CD4242F32BF0000100C2C65D /* Constants.swift */,
				CD42430A2BF25C3800C2C65D /* View+Extensions.swift */,
				CD42430C2BF28E5A00C2C65D /* Date+Extensions.swift */,
			);
			path = Helpers;
			sourceTree = "<group>";
		};
		CD4242FF2BF253F800C2C65D /* TabViews */ = {
			isa = PBXGroup;
			children = (
				CD4243002BF254BD00C2C65D /* Recents.swift */,
				CD4243022BF254CF00C2C65D /* Search.swift */,
				CD4243062BF254EB00C2C65D /* Graphs.swift */,
				CD4243082BF254F800C2C65D /* Settings.swift */,
			);
			path = TabViews;
			sourceTree = "<group>";
		};
		CD42430E2BF2A99600C2C65D /* Helpers */ = {
			isa = PBXGroup;
			children = (
				CD42430F2BF2A9AE00C2C65D /* CardView.swift */,
				CD4243112BF3875300C2C65D /* TransactionCardView.swift */,
				CD3436922BF4DC8400999C0E /* DateFilterView.swift */,
			);
			path = Helpers;
			sourceTree = "<group>";
		};
/* End PBXGroup section */

/* Begin PBXNativeTarget section */
		CD4242DA2BEFF70E00C2C65D /* Expense Tracker */ = {
			isa = PBXNativeTarget;
			buildConfigurationList = CD4242EB2BEFF71000C2C65D /* Build configuration list for PBXNativeTarget "Expense Tracker" */;
			buildPhases = (
				CD4242D72BEFF70E00C2C65D /* Sources */,
				CD4242D82BEFF70E00C2C65D /* Frameworks */,
				CD4242D92BEFF70E00C2C65D /* Resources */,
			);
			buildRules = (
			);
			dependencies = (
			);
			name = "Expense Tracker";
			productName = "Expense Tracker";
			productReference = CD4242DB2BEFF70E00C2C65D /* Expense Tracker.app */;
			productType = "com.apple.product-type.application";
		};
/* End PBXNativeTarget section */

/* Begin PBXProject section */
		CD4242D32BEFF70E00C2C65D /* Project object */ = {
			isa = PBXProject;
			attributes = {
				BuildIndependentTargetsInParallel = 1;
				LastSwiftUpdateCheck = 1530;
				LastUpgradeCheck = 1530;
				TargetAttributes = {
					CD4242DA2BEFF70E00C2C65D = {
						CreatedOnToolsVersion = 15.3;
					};
				};
			};
			buildConfigurationList = CD4242D62BEFF70E00C2C65D /* Build configuration list for PBXProject "Expense Tracker" */;
			compatibilityVersion = "Xcode 14.0";
			developmentRegion = en;
			hasScannedForEncodings = 0;
			knownRegions = (
				en,
				Base,
			);
			mainGroup = CD4242D22BEFF70E00C2C65D;
			productRefGroup = CD4242DC2BEFF70E00C2C65D /* Products */;
			projectDirPath = "";
			projectRoot = "";
			targets = (
				CD4242DA2BEFF70E00C2C65D /* Expense Tracker */,
			);
		};
/* End PBXProject section */

/* Begin PBXResourcesBuildPhase section */
		CD4242D92BEFF70E00C2C65D /* Resources */ = {
			isa = PBXResourcesBuildPhase;
			buildActionMask = 2147483647;
			files = (
				CD4242E82BEFF71000C2C65D /* Preview Assets.xcassets in Resources */,
				CD4242E52BEFF71000C2C65D /* Assets.xcassets in Resources */,
			);
			runOnlyForDeploymentPostprocessing = 0;
		};
/* End PBXResourcesBuildPhase section */

/* Begin PBXSourcesBuildPhase section */
		CD4242D72BEFF70E00C2C65D /* Sources */ = {
			isa = PBXSourcesBuildPhase;
			buildActionMask = 2147483647;
			files = (
				CD4243072BF254EB00C2C65D /* Graphs.swift in Sources */,
				CD4243032BF254CF00C2C65D /* Search.swift in Sources */,
				CD3436932BF4DC8400999C0E /* DateFilterView.swift in Sources */,
				CD4243092BF254F800C2C65D /* Settings.swift in Sources */,
				CD4242F42BF0000100C2C65D /* Constants.swift in Sources */,
				CD4242F12BEFFDDF00C2C65D /* IntroScreen.swift in Sources */,
				CD4242FC2BF24FBF00C2C65D /* Transaction.swift in Sources */,
				CD4243122BF3875300C2C65D /* TransactionCardView.swift in Sources */,
				CD4242E12BEFF70E00C2C65D /* ContentView.swift in Sources */,
				CD4243012BF254BD00C2C65D /* Recents.swift in Sources */,
				CD42430D2BF28E5A00C2C65D /* Date+Extensions.swift in Sources */,
				CD4242F62BF231EA00C2C65D /* Tab.swift in Sources */,
				CD4242E32BEFF70E00C2C65D /* Item.swift in Sources */,
				CD42430B2BF25C3800C2C65D /* View+Extensions.swift in Sources */,
				CD4242DF2BEFF70E00C2C65D /* Expense_TrackerApp.swift in Sources */,
				CD4242FE2BF250BC00C2C65D /* TintColor.swift in Sources */,
				CD4243102BF2A9AE00C2C65D /* CardView.swift in Sources */,
				CD4242FA2BF24F6400C2C65D /* Category.swift in Sources */,
			);
			runOnlyForDeploymentPostprocessing = 0;
		};
/* End PBXSourcesBuildPhase section */

/* Begin XCBuildConfiguration section */
		CD4242E92BEFF71000C2C65D /* Debug */ = {
			isa = XCBuildConfiguration;
			buildSettings = {
				ALWAYS_SEARCH_USER_PATHS = NO;
				ASSETCATALOG_COMPILER_GENERATE_SWIFT_ASSET_SYMBOL_EXTENSIONS = YES;
				CLANG_ANALYZER_NONNULL = YES;
				CLANG_ANALYZER_NUMBER_OBJECT_CONVERSION = YES_AGGRESSIVE;
				CLANG_CXX_LANGUAGE_STANDARD = "gnu++20";
				CLANG_ENABLE_MODULES = YES;
				CLANG_ENABLE_OBJC_ARC = YES;
				CLANG_ENABLE_OBJC_WEAK = YES;
				CLANG_WARN_BLOCK_CAPTURE_AUTORELEASING = YES;
				CLANG_WARN_BOOL_CONVERSION = YES;
				CLANG_WARN_COMMA = YES;
				CLANG_WARN_CONSTANT_CONVERSION = YES;
				CLANG_WARN_DEPRECATED_OBJC_IMPLEMENTATIONS = YES;
				CLANG_WARN_DIRECT_OBJC_ISA_USAGE = YES_ERROR;
				CLANG_WARN_DOCUMENTATION_COMMENTS = YES;
				CLANG_WARN_EMPTY_BODY = YES;
				CLANG_WARN_ENUM_CONVERSION = YES;
				CLANG_WARN_INFINITE_RECURSION = YES;
				CLANG_WARN_INT_CONVERSION = YES;
				CLANG_WARN_NON_LITERAL_NULL_CONVERSION = YES;
				CLANG_WARN_OBJC_IMPLICIT_RETAIN_SELF = YES;
				CLANG_WARN_OBJC_LITERAL_CONVERSION = YES;
				CLANG_WARN_OBJC_ROOT_CLASS = YES_ERROR;
				CLANG_WARN_QUOTED_INCLUDE_IN_FRAMEWORK_HEADER = YES;
				CLANG_WARN_RANGE_LOOP_ANALYSIS = YES;
				CLANG_WARN_STRICT_PROTOTYPES = YES;
				CLANG_WARN_SUSPICIOUS_MOVE = YES;
				CLANG_WARN_UNGUARDED_AVAILABILITY = YES_AGGRESSIVE;
				CLANG_WARN_UNREACHABLE_CODE = YES;
				CLANG_WARN__DUPLICATE_METHOD_MATCH = YES;
				COPY_PHASE_STRIP = NO;
				DEBUG_INFORMATION_FORMAT = dwarf;
				ENABLE_STRICT_OBJC_MSGSEND = YES;
				ENABLE_TESTABILITY = YES;
				ENABLE_USER_SCRIPT_SANDBOXING = YES;
				GCC_C_LANGUAGE_STANDARD = gnu17;
				GCC_DYNAMIC_NO_PIC = NO;
				GCC_NO_COMMON_BLOCKS = YES;
				GCC_OPTIMIZATION_LEVEL = 0;
				GCC_PREPROCESSOR_DEFINITIONS = (
					"DEBUG=1",
					"$(inherited)",
				);
				GCC_WARN_64_TO_32_BIT_CONVERSION = YES;
				GCC_WARN_ABOUT_RETURN_TYPE = YES_ERROR;
				GCC_WARN_UNDECLARED_SELECTOR = YES;
				GCC_WARN_UNINITIALIZED_AUTOS = YES_AGGRESSIVE;
				GCC_WARN_UNUSED_FUNCTION = YES;
				GCC_WARN_UNUSED_VARIABLE = YES;
				IPHONEOS_DEPLOYMENT_TARGET = 17.4;
				LOCALIZATION_PREFERS_STRING_CATALOGS = YES;
				MTL_ENABLE_DEBUG_INFO = INCLUDE_SOURCE;
				MTL_FAST_MATH = YES;
				ONLY_ACTIVE_ARCH = YES;
				SDKROOT = iphoneos;
				SWIFT_ACTIVE_COMPILATION_CONDITIONS = "DEBUG $(inherited)";
				SWIFT_OPTIMIZATION_LEVEL = "-Onone";
			};
			name = Debug;
		};
		CD4242EA2BEFF71000C2C65D /* Release */ = {
			isa = XCBuildConfiguration;
			buildSettings = {
				ALWAYS_SEARCH_USER_PATHS = NO;
				ASSETCATALOG_COMPILER_GENERATE_SWIFT_ASSET_SYMBOL_EXTENSIONS = YES;
				CLANG_ANALYZER_NONNULL = YES;
				CLANG_ANALYZER_NUMBER_OBJECT_CONVERSION = YES_AGGRESSIVE;
				CLANG_CXX_LANGUAGE_STANDARD = "gnu++20";
				CLANG_ENABLE_MODULES = YES;
				CLANG_ENABLE_OBJC_ARC = YES;
				CLANG_ENABLE_OBJC_WEAK = YES;
				CLANG_WARN_BLOCK_CAPTURE_AUTORELEASING = YES;
				CLANG_WARN_BOOL_CONVERSION = YES;
				CLANG_WARN_COMMA = YES;
				CLANG_WARN_CONSTANT_CONVERSION = YES;
				CLANG_WARN_DEPRECATED_OBJC_IMPLEMENTATIONS = YES;
				CLANG_WARN_DIRECT_OBJC_ISA_USAGE = YES_ERROR;
				CLANG_WARN_DOCUMENTATION_COMMENTS = YES;
				CLANG_WARN_EMPTY_BODY = YES;
				CLANG_WARN_ENUM_CONVERSION = YES;
				CLANG_WARN_INFINITE_RECURSION = YES;
				CLANG_WARN_INT_CONVERSION = YES;
				CLANG_WARN_NON_LITERAL_NULL_CONVERSION = YES;
				CLANG_WARN_OBJC_IMPLICIT_RETAIN_SELF = YES;
				CLANG_WARN_OBJC_LITERAL_CONVERSION = YES;
				CLANG_WARN_OBJC_ROOT_CLASS = YES_ERROR;
				CLANG_WARN_QUOTED_INCLUDE_IN_FRAMEWORK_HEADER = YES;
				CLANG_WARN_RANGE_LOOP_ANALYSIS = YES;
				CLANG_WARN_STRICT_PROTOTYPES = YES;
				CLANG_WARN_SUSPICIOUS_MOVE = YES;
				CLANG_WARN_UNGUARDED_AVAILABILITY = YES_AGGRESSIVE;
				CLANG_WARN_UNREACHABLE_CODE = YES;
				CLANG_WARN__DUPLICATE_METHOD_MATCH = YES;
				COPY_PHASE_STRIP = NO;
				DEBUG_INFORMATION_FORMAT = "dwarf-with-dsym";
				ENABLE_NS_ASSERTIONS = NO;
				ENABLE_STRICT_OBJC_MSGSEND = YES;
				ENABLE_USER_SCRIPT_SANDBOXING = YES;
				GCC_C_LANGUAGE_STANDARD = gnu17;
				GCC_NO_COMMON_BLOCKS = YES;
				GCC_WARN_64_TO_32_BIT_CONVERSION = YES;
				GCC_WARN_ABOUT_RETURN_TYPE = YES_ERROR;
				GCC_WARN_UNDECLARED_SELECTOR = YES;
				GCC_WARN_UNINITIALIZED_AUTOS = YES_AGGRESSIVE;
				GCC_WARN_UNUSED_FUNCTION = YES;
				GCC_WARN_UNUSED_VARIABLE = YES;
				IPHONEOS_DEPLOYMENT_TARGET = 17.4;
				LOCALIZATION_PREFERS_STRING_CATALOGS = YES;
				MTL_ENABLE_DEBUG_INFO = NO;
				MTL_FAST_MATH = YES;
				SDKROOT = iphoneos;
				SWIFT_COMPILATION_MODE = wholemodule;
				VALIDATE_PRODUCT = YES;
			};
			name = Release;
		};
		CD4242EC2BEFF71000C2C65D /* Debug */ = {
			isa = XCBuildConfiguration;
			buildSettings = {
				ASSETCATALOG_COMPILER_APPICON_NAME = AppIcon;
				ASSETCATALOG_COMPILER_GLOBAL_ACCENT_COLOR_NAME = AccentColor;
				CODE_SIGN_STYLE = Automatic;
				CURRENT_PROJECT_VERSION = 1;
				DEVELOPMENT_ASSET_PATHS = "\"Expense Tracker/Preview Content\"";
				DEVELOPMENT_TEAM = 5K65TSAZZM;
				ENABLE_PREVIEWS = YES;
				GENERATE_INFOPLIST_FILE = YES;
				INFOPLIST_KEY_UIApplicationSceneManifest_Generation = YES;
				INFOPLIST_KEY_UIApplicationSupportsIndirectInputEvents = YES;
				INFOPLIST_KEY_UILaunchScreen_Generation = YES;
				INFOPLIST_KEY_UISupportedInterfaceOrientations_iPad = "UIInterfaceOrientationPortrait UIInterfaceOrientationPortraitUpsideDown UIInterfaceOrientationLandscapeLeft UIInterfaceOrientationLandscapeRight";
				INFOPLIST_KEY_UISupportedInterfaceOrientations_iPhone = "UIInterfaceOrientationPortrait UIInterfaceOrientationLandscapeLeft UIInterfaceOrientationLandscapeRight";
				LD_RUNPATH_SEARCH_PATHS = (
					"$(inherited)",
					"@executable_path/Frameworks",
				);
				MARKETING_VERSION = 1.0;
				PRODUCT_BUNDLE_IDENTIFIER = "com.paiva.Expense-Tracker";
				PRODUCT_NAME = "$(TARGET_NAME)";
				SWIFT_EMIT_LOC_STRINGS = YES;
				SWIFT_VERSION = 5.0;
				TARGETED_DEVICE_FAMILY = "1,2";
			};
			name = Debug;
		};
		CD4242ED2BEFF71000C2C65D /* Release */ = {
			isa = XCBuildConfiguration;
			buildSettings = {
				ASSETCATALOG_COMPILER_APPICON_NAME = AppIcon;
				ASSETCATALOG_COMPILER_GLOBAL_ACCENT_COLOR_NAME = AccentColor;
				CODE_SIGN_STYLE = Automatic;
				CURRENT_PROJECT_VERSION = 1;
				DEVELOPMENT_ASSET_PATHS = "\"Expense Tracker/Preview Content\"";
				DEVELOPMENT_TEAM = 5K65TSAZZM;
				ENABLE_PREVIEWS = YES;
				GENERATE_INFOPLIST_FILE = YES;
				INFOPLIST_KEY_UIApplicationSceneManifest_Generation = YES;
				INFOPLIST_KEY_UIApplicationSupportsIndirectInputEvents = YES;
				INFOPLIST_KEY_UILaunchScreen_Generation = YES;
				INFOPLIST_KEY_UISupportedInterfaceOrientations_iPad = "UIInterfaceOrientationPortrait UIInterfaceOrientationPortraitUpsideDown UIInterfaceOrientationLandscapeLeft UIInterfaceOrientationLandscapeRight";
				INFOPLIST_KEY_UISupportedInterfaceOrientations_iPhone = "UIInterfaceOrientationPortrait UIInterfaceOrientationLandscapeLeft UIInterfaceOrientationLandscapeRight";
				LD_RUNPATH_SEARCH_PATHS = (
					"$(inherited)",
					"@executable_path/Frameworks",
				);
				MARKETING_VERSION = 1.0;
				PRODUCT_BUNDLE_IDENTIFIER = "com.paiva.Expense-Tracker";
				PRODUCT_NAME = "$(TARGET_NAME)";
				SWIFT_EMIT_LOC_STRINGS = YES;
				SWIFT_VERSION = 5.0;
				TARGETED_DEVICE_FAMILY = "1,2";
			};
			name = Release;
		};
/* End XCBuildConfiguration section */

/* Begin XCConfigurationList section */
		CD4242D62BEFF70E00C2C65D /* Build configuration list for PBXProject "Expense Tracker" */ = {
			isa = XCConfigurationList;
			buildConfigurations = (
				CD4242E92BEFF71000C2C65D /* Debug */,
				CD4242EA2BEFF71000C2C65D /* Release */,
			);
			defaultConfigurationIsVisible = 0;
			defaultConfigurationName = Release;
		};
		CD4242EB2BEFF71000C2C65D /* Build configuration list for PBXNativeTarget "Expense Tracker" */ = {
			isa = XCConfigurationList;
			buildConfigurations = (
				CD4242EC2BEFF71000C2C65D /* Debug */,
				CD4242ED2BEFF71000C2C65D /* Release */,
			);
			defaultConfigurationIsVisible = 0;
			defaultConfigurationName = Release;
		};
/* End XCConfigurationList section */
	};
	rootObject = CD4242D32BEFF70E00C2C65D /* Project object */;
}
